{
  "version": "5",
  "specifiers": {
    "npm:chart.js@^4.5.1": "4.5.1",
    "npm:daisyui@^5.7.40": "5.7.42"
  },
  "npm": {
    "@kurkle/color@0.3.4": {
      "integrity": "sha512-M5UknZPHRu3DEDWoipU6sE8PdkZ6Z/S+v4dD+Ke8IaNlpdSQah50lz1KtcFBa2vsdOnwbbnxJwVM4wty6udA5w=="
    },
    "chart.js@4.5.1": {
      "integrity": "sha512-GIjfiT9dbmHRiYi6Nl2yFCq7kkwdkp1W/lp2J99rX0yo9tgJGn3lKQATztIjb5tVtevcBtIdICNWqlq5+E8/Pw==",
      "dependencies": [
        "@kurkle/color"
      ]
    },
    "daisyui@5.7.42": {
      "integrity": "sha512-1Enls+br/2ZJG+DHUlaVYMq/hQLTP2hyiTKt0kRBywJjoau0kHy1NDF1Oqo95cyVR1STzZK+7vyz1KxQroJU3w=="
    }
  },
  "workspace": {
    "dependencies": [
      "npm:chart.js@^4.5.1",
      "npm:daisyui@^5.7.40"
    ]
  }
}
