{
  "version": "5",
  "specifiers": {
    "npm:chart.js@^4.4.8": "4.5.1",
    "npm:daisyui@^5.7.37": "5.7.39"
  },
  "npm": {
    "@kurkle/color@0.3.4": {
      "integrity": "sha512-M5UknZPHRu3DEDWoipU6sE8PdkZ6Z/S+v4dD+Ke8IaNlpdSQah50lz1KtcFBa2vsdOnwbbnxJwVM4wty6udA5w=="
    },
    "chart.js@4.5.1": {
      "integrity": "sha512-GIjfiT9dbmHRiYi6Nl2yFCq7kkwdkp1W/lp2J99rX0yo9tgJGn3lKQATztIjb5tVtevcBtIdICNWqlq5+E8/Pw==",
      "dependencies": [
        "@kurkle/color"
      ]
    },
    "daisyui@5.7.39": {
      "integrity": "sha512-+37UDZKyQPYH5TsZnTqxf38SYDpM4fr+DZGWHQF+Z2LH+hrBn8zuwB3qOJM142nuR1zhs+1/BBgSINfbfPaD1A=="
    }
  },
  "workspace": {
    "dependencies": [
      "npm:chart.js@^4.4.8",
      "npm:daisyui@^5.7.37"
    ]
  }
}
